// !$*UTF8*$!
{
	archiveVersion = 1;
	classes = {
	};
	objectVersion = 77;
	objects = {

/* Begin PBXBuildFile section */
		838D6FD02D42CCE9006B64C7 /* ChargerQueue.cpp in Sources */ = {isa = PBXBuildFile; fileRef = 838D6FB92D42CCE9006B64C7 /* ChargerQueue.cpp */; };
		838D6FD32D42CCE9006B64C7 /* EventHandler.cpp in Sources */ = {isa = PBXBuildFile; fileRef = 838D6FBF2D42CCE9006B64C7 /* EventHandler.cpp */; };
		838D6FD42D42CCE9006B64C7 /* Flight.cpp in Sources */ = {isa = PBXBuildFile; fileRef = 838D6FC12D42CCE9006B64C7 /* Flight.cpp */; };
		838D6FD72D42CCE9006B64C7 /* Passenger.cpp in Sources */ = {isa = PBXBuildFile; fileRef = 838D6FC62D42CCE9006B64C7 /* Passenger.cpp */; };
		838D6FD82D42CCE9006B64C7 /* Plane.cpp in Sources */ = {isa = PBXBuildFile; fileRef = 838D6FC82D42CCE9006B64C7 /* Plane.cpp */; };
		838D6FD92D42CCE9006B64C7 /* PlaneQueue.cpp in Sources */ = {isa = PBXBuildFile; fileRef = 838D6FCA2D42CCE9006B64C7 /* PlaneQueue.cpp */; };
		838D6FDA2D42CCE9006B64C7 /* SimClock.cpp in Sources */ = {isa = PBXBuildFile; fileRef = 838D6FCC2D42CCE9006B64C7 /* SimClock.cpp */; };
		838D6FDB2D42CCE9006B64C7 /* Simulation.cpp in Sources */ = {isa = PBXBuildFile; fileRef = 838D6FCF2D42CCE9006B64C7 /* Simulation.cpp */; };
/* End PBXBuildFile section */

/* Begin PBXCopyFilesBuildPhase section */
		8326908B2D3B5AEF003D31F7 /* CopyFiles */ = {
			isa = PBXCopyFilesBuildPhase;
			buildActionMask = 2147483647;
			dstPath = /usr/share/man/man1/;
			dstSubfolderSpec = 0;
			files = (
			);
			runOnlyForDeploymentPostprocessing = 1;
		};
/* End PBXCopyFilesBuildPhase section */

/* Begin PBXFileReference section */
		8326908D2D3B5AEF003D31F7 /* JobyFirstProject */ = {isa = PBXFileReference; explicitFileType = "compiled.mach-o.executable"; includeInIndex = 0; path = JobyFirstProject; sourceTree = BUILT_PRODUCTS_DIR; };
		83859BBA2D3C52850020DC41 /* eVtol Simulation Problem - AnyTimeDomain V2.docx */ = {isa = PBXFileReference; lastKnownFileType = file; path = "eVtol Simulation Problem - AnyTimeDomain V2.docx"; sourceTree = "<group>"; };
		83859BBB2D3C52850020DC41 /* Ideas.md */ = {isa = PBXFileReference; lastKnownFileType = net.daringfireball.markdown; path = Ideas.md; sourceTree = "<group>"; };
		83859BC32D3C52A90020DC41 /* JobyCalculations.xlsx */ = {isa = PBXFileReference; lastKnownFileType = file; path = JobyCalculations.xlsx; sourceTree = "<group>"; };
		83859BC42D3C52A90020DC41 /* JobyProject.jpg */ = {isa = PBXFileReference; lastKnownFileType = image.jpeg; path = JobyProject.jpg; sourceTree = "<group>"; };
		838D6FB82D42CCE9006B64C7 /* ChargerQueue.hpp */ = {isa = PBXFileReference; lastKnownFileType = sourcecode.cpp.h; path = ChargerQueue.hpp; sourceTree = "<group>"; };
		838D6FB92D42CCE9006B64C7 /* ChargerQueue.cpp */ = {isa = PBXFileReference; lastKnownFileType = sourcecode.cpp.cpp; path = ChargerQueue.cpp; sourceTree = "<group>"; };
		838D6FBE2D42CCE9006B64C7 /* EventHandler.hpp */ = {isa = PBXFileReference; lastKnownFileType = sourcecode.cpp.h; path = EventHandler.hpp; sourceTree = "<group>"; };
		838D6FBF2D42CCE9006B64C7 /* EventHandler.cpp */ = {isa = PBXFileReference; lastKnownFileType = sourcecode.cpp.cpp; path = EventHandler.cpp; sourceTree = "<group>"; };
		838D6FC02D42CCE9006B64C7 /* Flight.hpp */ = {isa = PBXFileReference; lastKnownFileType = sourcecode.cpp.h; path = Flight.hpp; sourceTree = "<group>"; };
		838D6FC12D42CCE9006B64C7 /* Flight.cpp */ = {isa = PBXFileReference; lastKnownFileType = sourcecode.cpp.cpp; path = Flight.cpp; sourceTree = "<group>"; };
		838D6FC52D42CCE9006B64C7 /* Passenger.hpp */ = {isa = PBXFileReference; lastKnownFileType = sourcecode.cpp.h; path = Passenger.hpp; sourceTree = "<group>"; };
		838D6FC62D42CCE9006B64C7 /* Passenger.cpp */ = {isa = PBXFileReference; lastKnownFileType = sourcecode.cpp.cpp; path = Passenger.cpp; sourceTree = "<group>"; };
		838D6FC72D42CCE9006B64C7 /* Plane.hpp */ = {isa = PBXFileReference; lastKnownFileType = sourcecode.cpp.h; path = Plane.hpp; sourceTree = "<group>"; };
		838D6FC82D42CCE9006B64C7 /* Plane.cpp */ = {isa = PBXFileReference; lastKnownFileType = sourcecode.cpp.cpp; path = Plane.cpp; sourceTree = "<group>"; };
		838D6FC92D42CCE9006B64C7 /* PlaneQueue.hpp */ = {isa = PBXFileReference; lastKnownFileType = sourcecode.cpp.h; path = PlaneQueue.hpp; sourceTree = "<group>"; };
		838D6FCA2D42CCE9006B64C7 /* PlaneQueue.cpp */ = {isa = PBXFileReference; lastKnownFileType = sourcecode.cpp.cpp; path = PlaneQueue.cpp; sourceTree = "<group>"; };
		838D6FCB2D42CCE9006B64C7 /* SimClock.hpp */ = {isa = PBXFileReference; lastKnownFileType = sourcecode.cpp.h; path = SimClock.hpp; sourceTree = "<group>"; };
		838D6FCC2D42CCE9006B64C7 /* SimClock.cpp */ = {isa = PBXFileReference; lastKnownFileType = sourcecode.cpp.cpp; path = SimClock.cpp; sourceTree = "<group>"; };
		838D6FCD2D42CCE9006B64C7 /* SimSettings.hpp */ = {isa = PBXFileReference; lastKnownFileType = sourcecode.cpp.h; path = SimSettings.hpp; sourceTree = "<group>"; };
		838D6FCE2D42CCE9006B64C7 /* Simulation.hpp */ = {isa = PBXFileReference; lastKnownFileType = sourcecode.cpp.h; path = Simulation.hpp; sourceTree = "<group>"; };
		838D6FCF2D42CCE9006B64C7 /* Simulation.cpp */ = {isa = PBXFileReference; lastKnownFileType = sourcecode.cpp.cpp; path = Simulation.cpp; sourceTree = "<group>"; };
/* End PBXFileReference section */

/* Begin PBXFileSystemSynchronizedRootGroup section */
		8326908F2D3B5AEF003D31F7 /* JobyFirstProject */ = {
			isa = PBXFileSystemSynchronizedRootGroup;
			path = JobyFirstProject;
			sourceTree = "<group>";
		};
/* End PBXFileSystemSynchronizedRootGroup section */

/* Begin PBXFrameworksBuildPhase section */
		8326908A2D3B5AEF003D31F7 /* Frameworks */ = {
			isa = PBXFrameworksBuildPhase;
			buildActionMask = 2147483647;
			files = (
			);
			runOnlyForDeploymentPostprocessing = 0;
		};
/* End PBXFrameworksBuildPhase section */

/* Begin PBXGroup section */
		832690842D3B5AEF003D31F7 = {
			isa = PBXGroup;
			children = (
				838D6FE62D43E448006B64C7 /* Interface */,
				8326908F2D3B5AEF003D31F7 /* JobyFirstProject */,
				838D6FE52D433781006B64C7 /* Simulation */,
				83859BC52D3C52C60020DC41 /* Support Files */,
				8326908E2D3B5AEF003D31F7 /* Products */,
			);
			sourceTree = "<group>";
		};
		8326908E2D3B5AEF003D31F7 /* Products */ = {
			isa = PBXGroup;
			children = (
				8326908D2D3B5AEF003D31F7 /* JobyFirstProject */,
			);
			name = Products;
			sourceTree = "<group>";
		};
		83859BC52D3C52C60020DC41 /* Support Files */ = {
			isa = PBXGroup;
			children = (
				83859BBA2D3C52850020DC41 /* eVtol Simulation Problem - AnyTimeDomain V2.docx */,
				83859BBB2D3C52850020DC41 /* Ideas.md */,
				83859BC32D3C52A90020DC41 /* JobyCalculations.xlsx */,
				83859BC42D3C52A90020DC41 /* JobyProject.jpg */,
			);
			path = "Support Files";
			sourceTree = "<group>";
		};
		838D6FE52D433781006B64C7 /* Simulation */ = {
			isa = PBXGroup;
			children = (
				838D6FB82D42CCE9006B64C7 /* ChargerQueue.hpp */,
				838D6FB92D42CCE9006B64C7 /* ChargerQueue.cpp */,
				838D6FBE2D42CCE9006B64C7 /* EventHandler.hpp */,
				838D6FBF2D42CCE9006B64C7 /* EventHandler.cpp */,
				838D6FC02D42CCE9006B64C7 /* Flight.hpp */,
				838D6FC12D42CCE9006B64C7 /* Flight.cpp */,
				838D6FC52D42CCE9006B64C7 /* Passenger.hpp */,
				838D6FC62D42CCE9006B64C7 /* Passenger.cpp */,
				838D6FC72D42CCE9006B64C7 /* Plane.hpp */,
				838D6FC82D42CCE9006B64C7 /* Plane.cpp */,
				838D6FC92D42CCE9006B64C7 /* PlaneQueue.hpp */,
				838D6FCA2D42CCE9006B64C7 /* PlaneQueue.cpp */,
				838D6FCB2D42CCE9006B64C7 /* SimClock.hpp */,
				838D6FCC2D42CCE9006B64C7 /* SimClock.cpp */,
				838D6FCF2D42CCE9006B64C7 /* Simulation.cpp */,
			);
			path = Simulation;
			sourceTree = "<group>";
		};
		838D6FE62D43E448006B64C7 /* Interface */ = {
			isa = PBXGroup;
			children = (
				838D6FCD2D42CCE9006B64C7 /* SimSettings.hpp */,
				838D6FCE2D42CCE9006B64C7 /* Simulation.hpp */,
			);
			path = Interface;
			sourceTree = "<group>";
		};
/* End PBXGroup section */

/* Begin PBXNativeTarget section */
		8326908C2D3B5AEF003D31F7 /* JobyFirstProject */ = {
			isa = PBXNativeTarget;
			buildConfigurationList = 832690942D3B5AEF003D31F7 /* Build configuration list for PBXNativeTarget "JobyFirstProject" */;
			buildPhases = (
				832690892D3B5AEF003D31F7 /* Sources */,
				8326908A2D3B5AEF003D31F7 /* Frameworks */,
				8326908B2D3B5AEF003D31F7 /* CopyFiles */,
			);
			buildRules = (
			);
			dependencies = (
			);
			fileSystemSynchronizedGroups = (
				8326908F2D3B5AEF003D31F7 /* JobyFirstProject */,
			);
			name = JobyFirstProject;
			packageProductDependencies = (
			);
			productName = JobyFirstProject;
			productReference = 8326908D2D3B5AEF003D31F7 /* JobyFirstProject */;
			productType = "com.apple.product-type.tool";
		};
/* End PBXNativeTarget section */

/* Begin PBXProject section */
		832690852D3B5AEF003D31F7 /* Project object */ = {
			isa = PBXProject;
			attributes = {
				BuildIndependentTargetsInParallel = 1;
				LastUpgradeCheck = 1620;
				TargetAttributes = {
					8326908C2D3B5AEF003D31F7 = {
						CreatedOnToolsVersion = 16.2;
					};
				};
			};
			buildConfigurationList = 832690882D3B5AEF003D31F7 /* Build configuration list for PBXProject "JobyFirstProject" */;
			developmentRegion = en;
			hasScannedForEncodings = 0;
			knownRegions = (
				en,
				Base,
			);
			mainGroup = 832690842D3B5AEF003D31F7;
			minimizedProjectReferenceProxies = 1;
			preferredProjectObjectVersion = 77;
			productRefGroup = 8326908E2D3B5AEF003D31F7 /* Products */;
			projectDirPath = "";
			projectRoot = "";
			targets = (
				8326908C2D3B5AEF003D31F7 /* JobyFirstProject */,
			);
		};
/* End PBXProject section */

/* Begin PBXSourcesBuildPhase section */
		832690892D3B5AEF003D31F7 /* Sources */ = {
			isa = PBXSourcesBuildPhase;
			buildActionMask = 2147483647;
			files = (
				838D6FD02D42CCE9006B64C7 /* ChargerQueue.cpp in Sources */,
				838D6FD32D42CCE9006B64C7 /* EventHandler.cpp in Sources */,
				838D6FD42D42CCE9006B64C7 /* Flight.cpp in Sources */,
				838D6FD72D42CCE9006B64C7 /* Passenger.cpp in Sources */,
				838D6FD82D42CCE9006B64C7 /* Plane.cpp in Sources */,
				838D6FD92D42CCE9006B64C7 /* PlaneQueue.cpp in Sources */,
				838D6FDA2D42CCE9006B64C7 /* SimClock.cpp in Sources */,
				838D6FDB2D42CCE9006B64C7 /* Simulation.cpp in Sources */,
			);
			runOnlyForDeploymentPostprocessing = 0;
		};
/* End PBXSourcesBuildPhase section */

/* Begin XCBuildConfiguration section */
		832690922D3B5AEF003D31F7 /* Debug */ = {
			isa = XCBuildConfiguration;
			buildSettings = {
				ALWAYS_SEARCH_USER_PATHS = NO;
				ASSETCATALOG_COMPILER_GENERATE_SWIFT_ASSET_SYMBOL_EXTENSIONS = YES;
				CLANG_ANALYZER_NONNULL = YES;
				CLANG_ANALYZER_NUMBER_OBJECT_CONVERSION = YES_AGGRESSIVE;
				CLANG_CXX_LANGUAGE_STANDARD = "gnu++20";
				CLANG_ENABLE_MODULES = YES;
				CLANG_ENABLE_OBJC_ARC = YES;
				CLANG_ENABLE_OBJC_WEAK = YES;
				CLANG_WARN_BLOCK_CAPTURE_AUTORELEASING = YES;
				CLANG_WARN_BOOL_CONVERSION = YES;
				CLANG_WARN_COMMA = YES;
				CLANG_WARN_CONSTANT_CONVERSION = YES;
				CLANG_WARN_DEPRECATED_OBJC_IMPLEMENTATIONS = YES;
				CLANG_WARN_DIRECT_OBJC_ISA_USAGE = YES_ERROR;
				CLANG_WARN_DOCUMENTATION_COMMENTS = YES;
				CLANG_WARN_EMPTY_BODY = YES;
				CLANG_WARN_ENUM_CONVERSION = YES;
				CLANG_WARN_INFINITE_RECURSION = YES;
				CLANG_WARN_INT_CONVERSION = YES;
				CLANG_WARN_NON_LITERAL_NULL_CONVERSION = YES;
				CLANG_WARN_OBJC_IMPLICIT_RETAIN_SELF = YES;
				CLANG_WARN_OBJC_LITERAL_CONVERSION = YES;
				CLANG_WARN_OBJC_ROOT_CLASS = YES_ERROR;
				CLANG_WARN_QUOTED_INCLUDE_IN_FRAMEWORK_HEADER = YES;
				CLANG_WARN_RANGE_LOOP_ANALYSIS = YES;
				CLANG_WARN_STRICT_PROTOTYPES = YES;
				CLANG_WARN_SUSPICIOUS_MOVE = YES;
				CLANG_WARN_UNGUARDED_AVAILABILITY = YES_AGGRESSIVE;
				CLANG_WARN_UNREACHABLE_CODE = YES;
				CLANG_WARN__DUPLICATE_METHOD_MATCH = YES;
				COPY_PHASE_STRIP = NO;
				DEBUG_INFORMATION_FORMAT = dwarf;
				ENABLE_STRICT_OBJC_MSGSEND = YES;
				ENABLE_TESTABILITY = YES;
				ENABLE_USER_SCRIPT_SANDBOXING = YES;
				GCC_C_LANGUAGE_STANDARD = gnu17;
				GCC_DYNAMIC_NO_PIC = NO;
				GCC_NO_COMMON_BLOCKS = YES;
				GCC_OPTIMIZATION_LEVEL = 0;
				GCC_PREPROCESSOR_DEFINITIONS = (
					"DEBUG=1",
					"$(inherited)",
				);
				GCC_WARN_64_TO_32_BIT_CONVERSION = YES;
				GCC_WARN_ABOUT_RETURN_TYPE = YES_ERROR;
				GCC_WARN_UNDECLARED_SELECTOR = YES;
				GCC_WARN_UNINITIALIZED_AUTOS = YES_AGGRESSIVE;
				GCC_WARN_UNUSED_FUNCTION = YES;
				GCC_WARN_UNUSED_VARIABLE = YES;
				LOCALIZATION_PREFERS_STRING_CATALOGS = YES;
				MACOSX_DEPLOYMENT_TARGET = 15.2;
				MTL_ENABLE_DEBUG_INFO = INCLUDE_SOURCE;
				MTL_FAST_MATH = YES;
				ONLY_ACTIVE_ARCH = YES;
				SDKROOT = macosx;
			};
			name = Debug;
		};
		832690932D3B5AEF003D31F7 /* Release */ = {
			isa = XCBuildConfiguration;
			buildSettings = {
				ALWAYS_SEARCH_USER_PATHS = NO;
				ASSETCATALOG_COMPILER_GENERATE_SWIFT_ASSET_SYMBOL_EXTENSIONS = YES;
				CLANG_ANALYZER_NONNULL = YES;
				CLANG_ANALYZER_NUMBER_OBJECT_CONVERSION = YES_AGGRESSIVE;
				CLANG_CXX_LANGUAGE_STANDARD = "gnu++20";
				CLANG_ENABLE_MODULES = YES;
				CLANG_ENABLE_OBJC_ARC = YES;
				CLANG_ENABLE_OBJC_WEAK = YES;
				CLANG_WARN_BLOCK_CAPTURE_AUTORELEASING = YES;
				CLANG_WARN_BOOL_CONVERSION = YES;
				CLANG_WARN_COMMA = YES;
				CLANG_WARN_CONSTANT_CONVERSION = YES;
				CLANG_WARN_DEPRECATED_OBJC_IMPLEMENTATIONS = YES;
				CLANG_WARN_DIRECT_OBJC_ISA_USAGE = YES_ERROR;
				CLANG_WARN_DOCUMENTATION_COMMENTS = YES;
				CLANG_WARN_EMPTY_BODY = YES;
				CLANG_WARN_ENUM_CONVERSION = YES;
				CLANG_WARN_INFINITE_RECURSION = YES;
				CLANG_WARN_INT_CONVERSION = YES;
				CLANG_WARN_NON_LITERAL_NULL_CONVERSION = YES;
				CLANG_WARN_OBJC_IMPLICIT_RETAIN_SELF = YES;
				CLANG_WARN_OBJC_LITERAL_CONVERSION = YES;
				CLANG_WARN_OBJC_ROOT_CLASS = YES_ERROR;
				CLANG_WARN_QUOTED_INCLUDE_IN_FRAMEWORK_HEADER = YES;
				CLANG_WARN_RANGE_LOOP_ANALYSIS = YES;
				CLANG_WARN_STRICT_PROTOTYPES = YES;
				CLANG_WARN_SUSPICIOUS_MOVE = YES;
				CLANG_WARN_UNGUARDED_AVAILABILITY = YES_AGGRESSIVE;
				CLANG_WARN_UNREACHABLE_CODE = YES;
				CLANG_WARN__DUPLICATE_METHOD_MATCH = YES;
				COPY_PHASE_STRIP = NO;
				DEBUG_INFORMATION_FORMAT = "dwarf-with-dsym";
				ENABLE_NS_ASSERTIONS = NO;
				ENABLE_STRICT_OBJC_MSGSEND = YES;
				ENABLE_USER_SCRIPT_SANDBOXING = YES;
				GCC_C_LANGUAGE_STANDARD = gnu17;
				GCC_NO_COMMON_BLOCKS = YES;
				GCC_WARN_64_TO_32_BIT_CONVERSION = YES;
				GCC_WARN_ABOUT_RETURN_TYPE = YES_ERROR;
				GCC_WARN_UNDECLARED_SELECTOR = YES;
				GCC_WARN_UNINITIALIZED_AUTOS = YES_AGGRESSIVE;
				GCC_WARN_UNUSED_FUNCTION = YES;
				GCC_WARN_UNUSED_VARIABLE = YES;
				LOCALIZATION_PREFERS_STRING_CATALOGS = YES;
				MACOSX_DEPLOYMENT_TARGET = 15.2;
				MTL_ENABLE_DEBUG_INFO = NO;
				MTL_FAST_MATH = YES;
				SDKROOT = macosx;
			};
			name = Release;
		};
		832690952D3B5AEF003D31F7 /* Debug */ = {
			isa = XCBuildConfiguration;
			buildSettings = {
				"CODE_SIGN_IDENTITY[sdk=macosx*]" = "-";
				CODE_SIGN_STYLE = Manual;
				DEVELOPMENT_TEAM = "";
				"DEVELOPMENT_TEAM[sdk=macosx*]" = "";
				ENABLE_HARDENED_RUNTIME = YES;
				GCC_C_LANGUAGE_STANDARD = c17;
				PRODUCT_NAME = "$(TARGET_NAME)";
				PROVISIONING_PROFILE_SPECIFIER = "";
			};
			name = Debug;
		};
		832690962D3B5AEF003D31F7 /* Release */ = {
			isa = XCBuildConfiguration;
			buildSettings = {
				"CODE_SIGN_IDENTITY[sdk=macosx*]" = "-";
				CODE_SIGN_STYLE = Manual;
				DEVELOPMENT_TEAM = "";
				"DEVELOPMENT_TEAM[sdk=macosx*]" = "";
				ENABLE_HARDENED_RUNTIME = YES;
				GCC_C_LANGUAGE_STANDARD = c17;
				PRODUCT_NAME = "$(TARGET_NAME)";
				PROVISIONING_PROFILE_SPECIFIER = "";
			};
			name = Release;
		};
/* End XCBuildConfiguration section */

/* Begin XCConfigurationList section */
		832690882D3B5AEF003D31F7 /* Build configuration list for PBXProject "JobyFirstProject" */ = {
			isa = XCConfigurationList;
			buildConfigurations = (
				832690922D3B5AEF003D31F7 /* Debug */,
				832690932D3B5AEF003D31F7 /* Release */,
			);
			defaultConfigurationIsVisible = 0;
			defaultConfigurationName = Release;
		};
		832690942D3B5AEF003D31F7 /* Build configuration list for PBXNativeTarget "JobyFirstProject" */ = {
			isa = XCConfigurationList;
			buildConfigurations = (
				832690952D3B5AEF003D31F7 /* Debug */,
				832690962D3B5AEF003D31F7 /* Release */,
			);
			defaultConfigurationIsVisible = 0;
			defaultConfigurationName = Release;
		};
/* End XCConfigurationList section */
	};
	rootObject = 832690852D3B5AEF003D31F7 /* Project object */;
}
